
Microsoft Visual Studio Solution File, Format Version 12.00
# Visual Studio Version 17
VisualStudioVersion = 17.8.34330.188
MinimumVisualStudioVersion = 10.0.40219.1
Project("{9A19103F-16F7-4668-BE54-9A1E7A4F7556}") = "GSE", "GSE\GSE.csproj", "{F38AAF32-C1FB-41EC-9BCB-F9035F5790AB}"
EndProject
Project("{9A19103F-16F7-4668-BE54-9A1E7A4F7556}") = "GSE.Emu", "GSE.Emu\GSE.Emu.csproj", "{ADE207AB-07A1-47EF-BD96-8534C161E599}"
EndProject
Project("{9A19103F-16F7-4668-BE54-9A1E7A4F7556}") = "GSE.Input", "GSE.Input\GSE.Input.csproj", "{70BD9712-6B40-47FF-BF07-D5F3245A5124}"
EndProject
Project("{9A19103F-16F7-4668-BE54-9A1E7A4F7556}") = "GSE.Audio", "GSE.Audio\GSE.Audio.csproj", "{9177BB41-28A5-4EF6-8102-BDF10D8E14FE}"
EndProject
Project("{9A19103F-16F7-4668-BE54-9A1E7A4F7556}") = "GSE.Android", "GSE.Android\GSE.Android.csproj", "{189655D0-E283-401F-9A12-4B2482F60D63}"
EndProject
Project("{9A19103F-16F7-4668-BE54-9A1E7A4F7556}") = "SDL2-CS", "externals\SDL2-CS\SDL2-CS.csproj", "{1C593A7D-00A9-46B3-8C6D-A06761900ED4}"
EndProject
Project("{9A19103F-16F7-4668-BE54-9A1E7A4F7556}") = "DiscordRPC", "externals\DiscordRPC\DiscordRPC.csproj", "{1C593A7D-00A9-46B3-8C6D-3BD044401A1B}"
EndProject
Global
	GlobalSection(SolutionConfigurationPlatforms) = preSolution
		Debug|x64 = Debug|x64
		Release|x64 = Release|x64
		Debug|ARM64 = Debug|ARM64
		Release|ARM64 = Release|ARM64
		Debug|x86 = Debug|x86
		Release|x86 = Release|x86
		Debug|ARM = Debug|ARM
		Release|ARM = Release|ARM
	EndGlobalSection
	GlobalSection(ProjectConfigurationPlatforms) = postSolution
		{F38AAF32-C1FB-41EC-9BCB-F9035F5790AB}.Debug|x64.ActiveCfg = Debug|x64
		{F38AAF32-C1FB-41EC-9BCB-F9035F5790AB}.Debug|x64.Build.0 = Debug|x64
		{F38AAF32-C1FB-41EC-9BCB-F9035F5790AB}.Release|x64.ActiveCfg = Release|x64
		{F38AAF32-C1FB-41EC-9BCB-F9035F5790AB}.Release|x64.Build.0 = Release|x64
		{ADE207AB-07A1-47EF-BD96-8534C161E599}.Debug|x64.ActiveCfg = Debug|x64
		{ADE207AB-07A1-47EF-BD96-8534C161E599}.Debug|x64.Build.0 = Debug|x64
		{ADE207AB-07A1-47EF-BD96-8534C161E599}.Release|x64.ActiveCfg = Release|x64
		{ADE207AB-07A1-47EF-BD96-8534C161E599}.Release|x64.Build.0 = Release|x64
		{70BD9712-6B40-47FF-BF07-D5F3245A5124}.Debug|x64.ActiveCfg = Debug|x64
		{70BD9712-6B40-47FF-BF07-D5F3245A5124}.Debug|x64.Build.0 = Debug|x64
		{70BD9712-6B40-47FF-BF07-D5F3245A5124}.Release|x64.ActiveCfg = Release|x64
		{70BD9712-6B40-47FF-BF07-D5F3245A5124}.Release|x64.Build.0 = Release|x64
		{9177BB41-28A5-4EF6-8102-BDF10D8E14FE}.Debug|x64.ActiveCfg = Debug|x64
		{9177BB41-28A5-4EF6-8102-BDF10D8E14FE}.Debug|x64.Build.0 = Debug|x64
		{9177BB41-28A5-4EF6-8102-BDF10D8E14FE}.Release|x64.ActiveCfg = Release|x64
		{9177BB41-28A5-4EF6-8102-BDF10D8E14FE}.Release|x64.Build.0 = Release|x64
		{189655D0-E283-401F-9A12-4B2482F60D63}.Debug|x64.ActiveCfg = Debug|x64
		{189655D0-E283-401F-9A12-4B2482F60D63}.Debug|x64.Build.0 = Debug|x64
		{189655D0-E283-401F-9A12-4B2482F60D63}.Release|x64.ActiveCfg = Release|x64
		{189655D0-E283-401F-9A12-4B2482F60D63}.Release|x64.Build.0 = Release|x64
		{1C593A7D-00A9-46B3-8C6D-A06761900ED4}.Debug|x64.ActiveCfg = Debug|x64
		{1C593A7D-00A9-46B3-8C6D-A06761900ED4}.Debug|x64.Build.0 = Debug|x64
		{1C593A7D-00A9-46B3-8C6D-A06761900ED4}.Release|x64.ActiveCfg = Release|x64
		{1C593A7D-00A9-46B3-8C6D-A06761900ED4}.Release|x64.Build.0 = Release|x64
		{1C593A7D-00A9-46B3-8C6D-3BD044401A1B}.Debug|x64.ActiveCfg = Debug|x64
		{1C593A7D-00A9-46B3-8C6D-3BD044401A1B}.Debug|x64.Build.0 = Debug|x64
		{1C593A7D-00A9-46B3-8C6D-3BD044401A1B}.Release|x64.ActiveCfg = Release|x64
		{1C593A7D-00A9-46B3-8C6D-3BD044401A1B}.Release|x64.Build.0 = Release|x64
		{F38AAF32-C1FB-41EC-9BCB-F9035F5790AB}.Debug|ARM64.ActiveCfg = Debug|ARM64
		{F38AAF32-C1FB-41EC-9BCB-F9035F5790AB}.Debug|ARM64.Build.0 = Debug|ARM64
		{F38AAF32-C1FB-41EC-9BCB-F9035F5790AB}.Release|ARM64.ActiveCfg = Release|ARM64
		{F38AAF32-C1FB-41EC-9BCB-F9035F5790AB}.Release|ARM64.Build.0 = Release|ARM64
		{ADE207AB-07A1-47EF-BD96-8534C161E599}.Debug|ARM64.ActiveCfg = Debug|ARM64
		{ADE207AB-07A1-47EF-BD96-8534C161E599}.Debug|ARM64.Build.0 = Debug|ARM64
		{ADE207AB-07A1-47EF-BD96-8534C161E599}.Release|ARM64.ActiveCfg = Release|ARM64
		{ADE207AB-07A1-47EF-BD96-8534C161E599}.Release|ARM64.Build.0 = Release|ARM64
		{70BD9712-6B40-47FF-BF07-D5F3245A5124}.Debug|ARM64.ActiveCfg = Debug|ARM64
		{70BD9712-6B40-47FF-BF07-D5F3245A5124}.Debug|ARM64.Build.0 = Debug|ARM64
		{70BD9712-6B40-47FF-BF07-D5F3245A5124}.Release|ARM64.ActiveCfg = Release|ARM64
		{70BD9712-6B40-47FF-BF07-D5F3245A5124}.Release|ARM64.Build.0 = Release|ARM64
		{9177BB41-28A5-4EF6-8102-BDF10D8E14FE}.Debug|ARM64.ActiveCfg = Debug|ARM64
		{9177BB41-28A5-4EF6-8102-BDF10D8E14FE}.Debug|ARM64.Build.0 = Debug|ARM64
		{9177BB41-28A5-4EF6-8102-BDF10D8E14FE}.Release|ARM64.ActiveCfg = Release|ARM64
		{9177BB41-28A5-4EF6-8102-BDF10D8E14FE}.Release|ARM64.Build.0 = Release|ARM64
		{189655D0-E283-401F-9A12-4B2482F60D63}.Debug|ARM64.ActiveCfg = Debug|ARM64
		{189655D0-E283-401F-9A12-4B2482F60D63}.Debug|ARM64.Build.0 = Debug|ARM64
		{189655D0-E283-401F-9A12-4B2482F60D63}.Release|ARM64.ActiveCfg = Release|ARM64
		{189655D0-E283-401F-9A12-4B2482F60D63}.Release|ARM64.Build.0 = Release|ARM64
		{1C593A7D-00A9-46B3-8C6D-A06761900ED4}.Debug|ARM64.ActiveCfg = Debug|ARM64
		{1C593A7D-00A9-46B3-8C6D-A06761900ED4}.Debug|ARM64.Build.0 = Debug|ARM64
		{1C593A7D-00A9-46B3-8C6D-A06761900ED4}.Release|ARM64.ActiveCfg = Release|ARM64
		{1C593A7D-00A9-46B3-8C6D-A06761900ED4}.Release|ARM64.Build.0 = Release|ARM64
		{1C593A7D-00A9-46B3-8C6D-3BD044401A1B}.Debug|ARM64.ActiveCfg = Debug|ARM64
		{1C593A7D-00A9-46B3-8C6D-3BD044401A1B}.Debug|ARM64.Build.0 = Debug|ARM64
		{1C593A7D-00A9-46B3-8C6D-3BD044401A1B}.Release|ARM64.ActiveCfg = Release|ARM64
		{1C593A7D-00A9-46B3-8C6D-3BD044401A1B}.Release|ARM64.Build.0 = Release|ARM64
		{F38AAF32-C1FB-41EC-9BCB-F9035F5790AB}.Debug|x86.ActiveCfg = Debug|x86
		{F38AAF32-C1FB-41EC-9BCB-F9035F5790AB}.Debug|x86.Build.0 = Debug|x86
		{F38AAF32-C1FB-41EC-9BCB-F9035F5790AB}.Release|x86.ActiveCfg = Release|x86
		{F38AAF32-C1FB-41EC-9BCB-F9035F5790AB}.Release|x86.Build.0 = Release|x86
		{ADE207AB-07A1-47EF-BD96-8534C161E599}.Debug|x86.ActiveCfg = Debug|x86
		{ADE207AB-07A1-47EF-BD96-8534C161E599}.Debug|x86.Build.0 = Debug|x86
		{ADE207AB-07A1-47EF-BD96-8534C161E599}.Release|x86.ActiveCfg = Release|x86
		{ADE207AB-07A1-47EF-BD96-8534C161E599}.Release|x86.Build.0 = Release|x86
		{70BD9712-6B40-47FF-BF07-D5F3245A5124}.Debug|x86.ActiveCfg = Debug|x86
		{70BD9712-6B40-47FF-BF07-D5F3245A5124}.Debug|x86.Build.0 = Debug|x86
		{70BD9712-6B40-47FF-BF07-D5F3245A5124}.Release|x86.ActiveCfg = Release|x86
		{70BD9712-6B40-47FF-BF07-D5F3245A5124}.Release|x86.Build.0 = Release|x86
		{9177BB41-28A5-4EF6-8102-BDF10D8E14FE}.Debug|x86.ActiveCfg = Debug|x86
		{9177BB41-28A5-4EF6-8102-BDF10D8E14FE}.Debug|x86.Build.0 = Debug|x86
		{9177BB41-28A5-4EF6-8102-BDF10D8E14FE}.Release|x86.ActiveCfg = Release|x86
		{9177BB41-28A5-4EF6-8102-BDF10D8E14FE}.Release|x86.Build.0 = Release|x86
		{189655D0-E283-401F-9A12-4B2482F60D63}.Debug|x86.ActiveCfg = Debug|x86
		{189655D0-E283-401F-9A12-4B2482F60D63}.Debug|x86.Build.0 = Debug|x86
		{189655D0-E283-401F-9A12-4B2482F60D63}.Release|x86.ActiveCfg = Release|x86
		{189655D0-E283-401F-9A12-4B2482F60D63}.Release|x86.Build.0 = Release|x86
		{1C593A7D-00A9-46B3-8C6D-A06761900ED4}.Debug|x86.ActiveCfg = Debug|x86
		{1C593A7D-00A9-46B3-8C6D-A06761900ED4}.Debug|x86.Build.0 = Debug|x86
		{1C593A7D-00A9-46B3-8C6D-A06761900ED4}.Release|x86.ActiveCfg = Release|x86
		{1C593A7D-00A9-46B3-8C6D-A06761900ED4}.Release|x86.Build.0 = Release|x86
		{1C593A7D-00A9-46B3-8C6D-3BD044401A1B}.Debug|x86.ActiveCfg = Debug|x86
		{1C593A7D-00A9-46B3-8C6D-3BD044401A1B}.Debug|x86.Build.0 = Debug|x86
		{1C593A7D-00A9-46B3-8C6D-3BD044401A1B}.Release|x86.ActiveCfg = Release|x86
		{1C593A7D-00A9-46B3-8C6D-3BD044401A1B}.Release|x86.Build.0 = Release|x86
		{F38AAF32-C1FB-41EC-9BCB-F9035F5790AB}.Debug|ARM.ActiveCfg = Debug|ARM
		{F38AAF32-C1FB-41EC-9BCB-F9035F5790AB}.Debug|ARM.Build.0 = Debug|ARM
		{F38AAF32-C1FB-41EC-9BCB-F9035F5790AB}.Release|ARM.ActiveCfg = Release|ARM
		{F38AAF32-C1FB-41EC-9BCB-F9035F5790AB}.Release|ARM.Build.0 = Release|ARM
		{ADE207AB-07A1-47EF-BD96-8534C161E599}.Debug|ARM.ActiveCfg = Debug|ARM
		{ADE207AB-07A1-47EF-BD96-8534C161E599}.Debug|ARM.Build.0 = Debug|ARM
		{ADE207AB-07A1-47EF-BD96-8534C161E599}.Release|ARM.ActiveCfg = Release|ARM
		{ADE207AB-07A1-47EF-BD96-8534C161E599}.Release|ARM.Build.0 = Release|ARM
		{70BD9712-6B40-47FF-BF07-D5F3245A5124}.Debug|ARM.ActiveCfg = Debug|ARM
		{70BD9712-6B40-47FF-BF07-D5F3245A5124}.Debug|ARM.Build.0 = Debug|ARM
		{70BD9712-6B40-47FF-BF07-D5F3245A5124}.Release|ARM.ActiveCfg = Release|ARM
		{70BD9712-6B40-47FF-BF07-D5F3245A5124}.Release|ARM.Build.0 = Release|ARM
		{9177BB41-28A5-4EF6-8102-BDF10D8E14FE}.Debug|ARM.ActiveCfg = Debug|ARM
		{9177BB41-28A5-4EF6-8102-BDF10D8E14FE}.Debug|ARM.Build.0 = Debug|ARM
		{9177BB41-28A5-4EF6-8102-BDF10D8E14FE}.Release|ARM.ActiveCfg = Release|ARM
		{9177BB41-28A5-4EF6-8102-BDF10D8E14FE}.Release|ARM.Build.0 = Release|ARM
		{189655D0-E283-401F-9A12-4B2482F60D63}.Debug|ARM.ActiveCfg = Debug|ARM
		{189655D0-E283-401F-9A12-4B2482F60D63}.Debug|ARM.Build.0 = Debug|ARM
		{189655D0-E283-401F-9A12-4B2482F60D63}.Release|ARM.ActiveCfg = Release|ARM
		{189655D0-E283-401F-9A12-4B2482F60D63}.Release|ARM.Build.0 = Release|ARM
		{1C593A7D-00A9-46B3-8C6D-A06761900ED4}.Debug|ARM.ActiveCfg = Debug|ARM
		{1C593A7D-00A9-46B3-8C6D-A06761900ED4}.Debug|ARM.Build.0 = Debug|ARM
		{1C593A7D-00A9-46B3-8C6D-A06761900ED4}.Release|ARM.ActiveCfg = Release|ARM
		{1C593A7D-00A9-46B3-8C6D-A06761900ED4}.Release|ARM.Build.0 = Release|ARM
		{1C593A7D-00A9-46B3-8C6D-3BD044401A1B}.Debug|ARM.ActiveCfg = Debug|ARM
		{1C593A7D-00A9-46B3-8C6D-3BD044401A1B}.Debug|ARM.Build.0 = Debug|ARM
		{1C593A7D-00A9-46B3-8C6D-3BD044401A1B}.Release|ARM.ActiveCfg = Release|ARM
		{1C593A7D-00A9-46B3-8C6D-3BD044401A1B}.Release|ARM.Build.0 = Release|ARM
	EndGlobalSection
	GlobalSection(SolutionProperties) = preSolution
		HideSolutionNode = FALSE
	EndGlobalSection
	GlobalSection(ExtensibilityGlobals) = postSolution
		SolutionGuid = {07B8FE34-060A-4562-9CE7-62E710C61283}
	EndGlobalSection
EndGlobal
